{
  "name": "barcode-vercel-fast",
  "version": "1.0.0",
  "lockfileVersion": 3,
  "requires": true,
  "packages": {
    "": {
      "name": "barcode-vercel-fast",
      "version": "1.0.0",
      "dependencies": {
        "bwip-js": "4.11.1"
      },
      "devDependencies": {
        "pngjs": "^7.0.0",
        "zxing-wasm": "^3.1.0"
      },
      "engines": {
        "node": "20.x"
      }
    },
    "node_modules/@types/emscripten": {
      "version": "1.41.5",
      "resolved": "https://registry.npmjs.org/@types/emscripten/-/emscripten-1.41.5.tgz",
      "integrity": "sha512-cMQm7pxu6BxtHyqJ7mQZ2kXWV5SLmugybFdHCBbJ5eHzOo6VhBckEgAT3//rP5FwPHNPeEiq4SmQ5ucBwsOo4Q==",
      "dev": true,
      "license": "MIT"
    },
    "node_modules/bwip-js": {
      "version": "4.11.1",
      "resolved": "https://registry.npmjs.org/bwip-js/-/bwip-js-4.11.1.tgz",
      "integrity": "sha512-9KCjsJF/VSETOS6jPgNxd6X9yCHTbqcm2zccDceX7bOmxDDjQ92V9S+iFf+UD5+hijUZDw7SFsYT7vL2rW7qcQ==",
      "license": "MIT",
      "bin": {
        "bwip-js": "bin/bwip-js.js"
      }
    },
    "node_modules/pngjs": {
      "version": "7.0.0",
      "resolved": "https://registry.npmjs.org/pngjs/-/pngjs-7.0.0.tgz",
      "integrity": "sha512-LKWqWJRhstyYo9pGvgor/ivk2w94eSjE3RGVuzLGlr3NmD8bf7RcYGze1mNdEHRP6TRP6rMuDHk5t44hnTRyow==",
      "dev": true,
      "license": "MIT",
      "engines": {
        "node": ">=14.19.0"
      }
    },
    "node_modules/tagged-tag": {
      "version": "1.0.0",
      "resolved": "https://registry.npmjs.org/tagged-tag/-/tagged-tag-1.0.0.tgz",
      "integrity": "sha512-yEFYrVhod+hdNyx7g5Bnkkb0G6si8HJurOoOEgC8B/O0uXLHlaey/65KRv6cuWBNhBgHKAROVpc7QyYqE5gFng==",
      "dev": true,
      "license": "MIT",
      "engines": {
        "node": ">=20"
      },
      "funding": {
        "url": "https://github.com/sponsors/sindresorhus"
      }
    },
    "node_modules/type-fest": {
      "version": "5.8.0",
      "resolved": "https://registry.npmjs.org/type-fest/-/type-fest-5.8.0.tgz",
      "integrity": "sha512-YGYEVz3Fm5iy/AybuA0oyNFq7H4CgQNfRp/qfe8nurE1kuCeNm3/vfm9X4Mtl+qLyaKJUh5xrFZwogr41SMjYA==",
      "dev": true,
      "license": "(MIT OR CC0-1.0)",
      "dependencies": {
        "tagged-tag": "^1.0.0"
      },
      "engines": {
        "node": ">=20"
      },
      "funding": {
        "url": "https://github.com/sponsors/sindresorhus"
      }
    },
    "node_modules/zxing-wasm": {
      "version": "3.1.0",
      "resolved": "https://registry.npmjs.org/zxing-wasm/-/zxing-wasm-3.1.0.tgz",
      "integrity": "sha512-5+3V1wPRx4gvbeLH2jB7n2cKrYJ1q4i3QgjnBUtrDPeqxJSi6BdzKJg4y6aF6bgW8zfntnYJyrkqFMevDhL2NA==",
      "dev": true,
      "license": "MIT",
      "dependencies": {
        "@types/emscripten": "^1.41.5",
        "type-fest": "^5.7.0"
      },
      "peerDependencies": {
        "@types/emscripten": ">=1.39.6"
      }
    }
  }
}
