{
  "name": "barcode-vercel-fast",
  "version": "1.0.0",
  "lockfileVersion": 3,
  "requires": true,
  "packages": {
    "": {
      "name": "barcode-vercel-fast",
      "version": "1.0.0",
      "dependencies": {
        "bwip-js": "4.11.1"
      },
      "engines": {
        "node": "20.x"
      }
    },
    "node_modules/bwip-js": {
      "version": "4.11.1",
      "resolved": "https://registry.npmjs.org/bwip-js/-/bwip-js-4.11.1.tgz",
      "integrity": "sha512-9KCjsJF/VSETOS6jPgNxd6X9yCHTbqcm2zccDceX7bOmxDDjQ92V9S+iFf+UD5+hijUZDw7SFsYT7vL2rW7qcQ==",
      "license": "MIT",
      "bin": {
        "bwip-js": "bin/bwip-js.js"
      }
    }
  }
}
